// !$*UTF8*$!
{
	archiveVersion = 1;
	classes = {
	};
	objectVersion = 50;
	objects = {

/* Begin PBXBuildFile section */
		3404C3D0222ADB36008B7AE6 /* AppDelegate.swift in Sources */ = {isa = PBXBuildFile; fileRef = 3404C3CF222ADB36008B7AE6 /* AppDelegate.swift */; };
		3404C3D2222ADB36008B7AE6 /* SymbolTableViewController.swift in Sources */ = {isa = PBXBuildFile; fileRef = 3404C3D1222ADB36008B7AE6 /* SymbolTableViewController.swift */; };
		3404C3D5222ADB36008B7AE6 /* Main.storyboard in Resources */ = {isa = PBXBuildFile; fileRef = 3404C3D3222ADB36008B7AE6 /* Main.storyboard */; };
		3404C3D7222ADB37008B7AE6 /* Assets.xcassets in Resources */ = {isa = PBXBuildFile; fileRef = 3404C3D6222ADB37008B7AE6 /* Assets.xcassets */; };
		3404C3DA222ADB37008B7AE6 /* LaunchScreen.storyboard in Resources */ = {isa = PBXBuildFile; fileRef = 3404C3D8222ADB37008B7AE6 /* LaunchScreen.storyboard */; };
		340920F0223443D500165AC6 /* GoogleService-Info.plist in Resources */ = {isa = PBXBuildFile; fileRef = 340920EF223443D500165AC6 /* GoogleService-Info.plist */; };
		340920F2223451F500165AC6 /* SymbolTableViewCell.swift in Sources */ = {isa = PBXBuildFile; fileRef = 340920F1223451F500165AC6 /* SymbolTableViewCell.swift */; };
		349007D2222B0C86008189AE /* SymbolDetailViewController.swift in Sources */ = {isa = PBXBuildFile; fileRef = 349007D1222B0C86008189AE /* SymbolDetailViewController.swift */; };
		349007D4222B15E9008189AE /* SymbolDetailTableHeaderView.swift in Sources */ = {isa = PBXBuildFile; fileRef = 349007D3222B15E9008189AE /* SymbolDetailTableHeaderView.swift */; };
		349007D6222B164F008189AE /* SymbolDetailTableHeaderView.xib in Resources */ = {isa = PBXBuildFile; fileRef = 349007D5222B164F008189AE /* SymbolDetailTableHeaderView.xib */; };
		349007D8222B2DCE008189AE /* CurrencyPairTableViewCell.swift in Sources */ = {isa = PBXBuildFile; fileRef = 349007D7222B2DCE008189AE /* CurrencyPairTableViewCell.swift */; };
		34CFE269223D526E008F501B /* FavoritesViewController.swift in Sources */ = {isa = PBXBuildFile; fileRef = 34CFE268223D526E008F501B /* FavoritesViewController.swift */; };
		7354A8D18C9285FCF3C2C2B5 /* Pods_Forex.framework in Frameworks */ = {isa = PBXBuildFile; fileRef = 621E78F91512BFF449C799D8 /* Pods_Forex.framework */; };
/* End PBXBuildFile section */

/* Begin PBXFileReference section */
		3404C3CC222ADB36008B7AE6 /* Forex.app */ = {isa = PBXFileReference; explicitFileType = wrapper.application; includeInIndex = 0; path = Forex.app; sourceTree = BUILT_PRODUCTS_DIR; };
		3404C3CF222ADB36008B7AE6 /* AppDelegate.swift */ = {isa = PBXFileReference; lastKnownFileType = sourcecode.swift; path = AppDelegate.swift; sourceTree = "<group>"; };
		3404C3D1222ADB36008B7AE6 /* SymbolTableViewController.swift */ = {isa = PBXFileReference; lastKnownFileType = sourcecode.swift; path = SymbolTableViewController.swift; sourceTree = "<group>"; };
		3404C3D4222ADB36008B7AE6 /* Base */ = {isa = PBXFileReference; lastKnownFileType = file.storyboard; name = Base; path = Base.lproj/Main.storyboard; sourceTree = "<group>"; };
		3404C3D6222ADB37008B7AE6 /* Assets.xcassets */ = {isa = PBXFileReference; lastKnownFileType = folder.assetcatalog; path = Assets.xcassets; sourceTree = "<group>"; };
		3404C3D9222ADB37008B7AE6 /* Base */ = {isa = PBXFileReference; lastKnownFileType = file.storyboard; name = Base; path = Base.lproj/LaunchScreen.storyboard; sourceTree = "<group>"; };
		3404C3DB222ADB37008B7AE6 /* Info.plist */ = {isa = PBXFileReference; lastKnownFileType = text.plist.xml; path = Info.plist; sourceTree = "<group>"; };
		340920EF223443D500165AC6 /* GoogleService-Info.plist */ = {isa = PBXFileReference; fileEncoding = 4; lastKnownFileType = text.plist.xml; name = "GoogleService-Info.plist"; path = "../../../../Downloads/GoogleService-Info.plist"; sourceTree = "<group>"; };
		340920F1223451F500165AC6 /* SymbolTableViewCell.swift */ = {isa = PBXFileReference; lastKnownFileType = sourcecode.swift; path = SymbolTableViewCell.swift; sourceTree = "<group>"; };
		349007D1222B0C86008189AE /* SymbolDetailViewController.swift */ = {isa = PBXFileReference; lastKnownFileType = sourcecode.swift; path = SymbolDetailViewController.swift; sourceTree = "<group>"; };
		349007D3222B15E9008189AE /* SymbolDetailTableHeaderView.swift */ = {isa = PBXFileReference; lastKnownFileType = sourcecode.swift; path = SymbolDetailTableHeaderView.swift; sourceTree = "<group>"; };
		349007D5222B164F008189AE /* SymbolDetailTableHeaderView.xib */ = {isa = PBXFileReference; lastKnownFileType = file.xib; path = SymbolDetailTableHeaderView.xib; sourceTree = "<group>"; };
		349007D7222B2DCE008189AE /* CurrencyPairTableViewCell.swift */ = {isa = PBXFileReference; lastKnownFileType = sourcecode.swift; path = CurrencyPairTableViewCell.swift; sourceTree = "<group>"; };
		34CFE268223D526E008F501B /* FavoritesViewController.swift */ = {isa = PBXFileReference; lastKnownFileType = sourcecode.swift; path = FavoritesViewController.swift; sourceTree = "<group>"; };
		621E78F91512BFF449C799D8 /* Pods_Forex.framework */ = {isa = PBXFileReference; explicitFileType = wrapper.framework; includeInIndex = 0; path = Pods_Forex.framework; sourceTree = BUILT_PRODUCTS_DIR; };
		C92C6FF6313B3665220DC4C7 /* Pods-Forex.release.xcconfig */ = {isa = PBXFileReference; includeInIndex = 1; lastKnownFileType = text.xcconfig; name = "Pods-Forex.release.xcconfig"; path = "Target Support Files/Pods-Forex/Pods-Forex.release.xcconfig"; sourceTree = "<group>"; };
		E6F714FD4FBBB1739580EF91 /* Pods-Forex.debug.xcconfig */ = {isa = PBXFileReference; includeInIndex = 1; lastKnownFileType = text.xcconfig; name = "Pods-Forex.debug.xcconfig"; path = "Target Support Files/Pods-Forex/Pods-Forex.debug.xcconfig"; sourceTree = "<group>"; };
/* End PBXFileReference section */

/* Begin PBXFrameworksBuildPhase section */
		3404C3C9222ADB36008B7AE6 /* Frameworks */ = {
			isa = PBXFrameworksBuildPhase;
			buildActionMask = 2147483647;
			files = (
				7354A8D18C9285FCF3C2C2B5 /* Pods_Forex.framework in Frameworks */,
			);
			runOnlyForDeploymentPostprocessing = 0;
		};
/* End PBXFrameworksBuildPhase section */

/* Begin PBXGroup section */
		16F009C5732817B82D935B34 /* Pods */ = {
			isa = PBXGroup;
			children = (
				E6F714FD4FBBB1739580EF91 /* Pods-Forex.debug.xcconfig */,
				C92C6FF6313B3665220DC4C7 /* Pods-Forex.release.xcconfig */,
			);
			path = Pods;
			sourceTree = "<group>";
		};
		3404C3C3222ADB36008B7AE6 = {
			isa = PBXGroup;
			children = (
				3404C3CE222ADB36008B7AE6 /* Forex */,
				3404C3CD222ADB36008B7AE6 /* Products */,
				16F009C5732817B82D935B34 /* Pods */,
				ADFF001244204013C8E41E9B /* Frameworks */,
			);
			sourceTree = "<group>";
		};
		3404C3CD222ADB36008B7AE6 /* Products */ = {
			isa = PBXGroup;
			children = (
				3404C3CC222ADB36008B7AE6 /* Forex.app */,
			);
			name = Products;
			sourceTree = "<group>";
		};
		3404C3CE222ADB36008B7AE6 /* Forex */ = {
			isa = PBXGroup;
			children = (
				3404C3CF222ADB36008B7AE6 /* AppDelegate.swift */,
				3404C3D1222ADB36008B7AE6 /* SymbolTableViewController.swift */,
				349007D1222B0C86008189AE /* SymbolDetailViewController.swift */,
				340920F1223451F500165AC6 /* SymbolTableViewCell.swift */,
				349007D7222B2DCE008189AE /* CurrencyPairTableViewCell.swift */,
				3404C3D3222ADB36008B7AE6 /* Main.storyboard */,
				349007D3222B15E9008189AE /* SymbolDetailTableHeaderView.swift */,
				349007D5222B164F008189AE /* SymbolDetailTableHeaderView.xib */,
				3404C3D6222ADB37008B7AE6 /* Assets.xcassets */,
				3404C3D8222ADB37008B7AE6 /* LaunchScreen.storyboard */,
				3404C3DB222ADB37008B7AE6 /* Info.plist */,
				340920EF223443D500165AC6 /* GoogleService-Info.plist */,
				34CFE268223D526E008F501B /* FavoritesViewController.swift */,
			);
			path = Forex;
			sourceTree = "<group>";
		};
		ADFF001244204013C8E41E9B /* Frameworks */ = {
			isa = PBXGroup;
			children = (
				621E78F91512BFF449C799D8 /* Pods_Forex.framework */,
			);
			name = Frameworks;
			sourceTree = "<group>";
		};
/* End PBXGroup section */

/* Begin PBXNativeTarget section */
		3404C3CB222ADB36008B7AE6 /* Forex */ = {
			isa = PBXNativeTarget;
			buildConfigurationList = 3404C3DE222ADB37008B7AE6 /* Build configuration list for PBXNativeTarget "Forex" */;
			buildPhases = (
				C9F2B46A5BE2430976B65082 /* [CP] Check Pods Manifest.lock */,
				3404C3C8222ADB36008B7AE6 /* Sources */,
				3404C3C9222ADB36008B7AE6 /* Frameworks */,
				3404C3CA222ADB36008B7AE6 /* Resources */,
				F35D6C4D27AB0D437FD991B8 /* [CP] Embed Pods Frameworks */,
				6B3734AD44F065C206A53A53 /* [CP] Copy Pods Resources */,
			);
			buildRules = (
			);
			dependencies = (
			);
			name = Forex;
			productName = Forex;
			productReference = 3404C3CC222ADB36008B7AE6 /* Forex.app */;
			productType = "com.apple.product-type.application";
		};
/* End PBXNativeTarget section */

/* Begin PBXProject section */
		3404C3C4222ADB36008B7AE6 /* Project object */ = {
			isa = PBXProject;
			attributes = {
				LastSwiftUpdateCheck = 1010;
				LastUpgradeCheck = 1010;
				ORGANIZATIONNAME = "Shabab Rahman";
				TargetAttributes = {
					3404C3CB222ADB36008B7AE6 = {
						CreatedOnToolsVersion = 10.1;
					};
				};
			};
			buildConfigurationList = 3404C3C7222ADB36008B7AE6 /* Build configuration list for PBXProject "Forex" */;
			compatibilityVersion = "Xcode 9.3";
			developmentRegion = en;
			hasScannedForEncodings = 0;
			knownRegions = (
				en,
				Base,
			);
			mainGroup = 3404C3C3222ADB36008B7AE6;
			productRefGroup = 3404C3CD222ADB36008B7AE6 /* Products */;
			projectDirPath = "";
			projectRoot = "";
			targets = (
				3404C3CB222ADB36008B7AE6 /* Forex */,
			);
		};
/* End PBXProject section */

/* Begin PBXResourcesBuildPhase section */
		3404C3CA222ADB36008B7AE6 /* Resources */ = {
			isa = PBXResourcesBuildPhase;
			buildActionMask = 2147483647;
			files = (
				3404C3DA222ADB37008B7AE6 /* LaunchScreen.storyboard in Resources */,
				349007D6222B164F008189AE /* SymbolDetailTableHeaderView.xib in Resources */,
				340920F0223443D500165AC6 /* GoogleService-Info.plist in Resources */,
				3404C3D7222ADB37008B7AE6 /* Assets.xcassets in Resources */,
				3404C3D5222ADB36008B7AE6 /* Main.storyboard in Resources */,
			);
			runOnlyForDeploymentPostprocessing = 0;
		};
/* End PBXResourcesBuildPhase section */

/* Begin PBXShellScriptBuildPhase section */
		6B3734AD44F065C206A53A53 /* [CP] Copy Pods Resources */ = {
			isa = PBXShellScriptBuildPhase;
			buildActionMask = 2147483647;
			files = (
			);
			inputFileListPaths = (
			);
			inputPaths = (
				"${PODS_ROOT}/Target Support Files/Pods-Forex/Pods-Forex-resources.sh",
				"${PODS_CONFIGURATION_BUILD_DIR}/FirebaseUI/FirebaseAnonymousAuthUI.bundle",
				"${PODS_CONFIGURATION_BUILD_DIR}/FirebaseUI/FirebaseAuthUI.bundle",
				"${PODS_CONFIGURATION_BUILD_DIR}/FirebaseUI/FirebaseEmailAuthUI.bundle",
				"${PODS_CONFIGURATION_BUILD_DIR}/FirebaseUI/FirebaseFacebookAuthUI.bundle",
				"${PODS_CONFIGURATION_BUILD_DIR}/FirebaseUI/FirebaseGoogleAuthUI.bundle",
				"${PODS_CONFIGURATION_BUILD_DIR}/FirebaseUI/FirebasePhoneAuthUI.bundle",
				"${PODS_CONFIGURATION_BUILD_DIR}/FirebaseUI/FirebaseTwitterAuthUI.bundle",
				"${PODS_ROOT}/GoogleSignIn/Resources/GoogleSignIn.bundle",
				"${PODS_ROOT}/TwitterKit/iOS/TwitterKit.framework/TwitterKitResources.bundle",
			);
			name = "[CP] Copy Pods Resources";
			outputFileListPaths = (
			);
			outputPaths = (
				"${TARGET_BUILD_DIR}/${UNLOCALIZED_RESOURCES_FOLDER_PATH}/FirebaseAnonymousAuthUI.bundle",
				"${TARGET_BUILD_DIR}/${UNLOCALIZED_RESOURCES_FOLDER_PATH}/FirebaseAuthUI.bundle",
				"${TARGET_BUILD_DIR}/${UNLOCALIZED_RESOURCES_FOLDER_PATH}/FirebaseEmailAuthUI.bundle",
				"${TARGET_BUILD_DIR}/${UNLOCALIZED_RESOURCES_FOLDER_PATH}/FirebaseFacebookAuthUI.bundle",
				"${TARGET_BUILD_DIR}/${UNLOCALIZED_RESOURCES_FOLDER_PATH}/FirebaseGoogleAuthUI.bundle",
				"${TARGET_BUILD_DIR}/${UNLOCALIZED_RESOURCES_FOLDER_PATH}/FirebasePhoneAuthUI.bundle",
				"${TARGET_BUILD_DIR}/${UNLOCALIZED_RESOURCES_FOLDER_PATH}/FirebaseTwitterAuthUI.bundle",
				"${TARGET_BUILD_DIR}/${UNLOCALIZED_RESOURCES_FOLDER_PATH}/GoogleSignIn.bundle",
				"${TARGET_BUILD_DIR}/${UNLOCALIZED_RESOURCES_FOLDER_PATH}/TwitterKitResources.bundle",
			);
			runOnlyForDeploymentPostprocessing = 0;
			shellPath = /bin/sh;
			shellScript = "\"${PODS_ROOT}/Target Support Files/Pods-Forex/Pods-Forex-resources.sh\"\n";
			showEnvVarsInLog = 0;
		};
		C9F2B46A5BE2430976B65082 /* [CP] Check Pods Manifest.lock */ = {
			isa = PBXShellScriptBuildPhase;
			buildActionMask = 2147483647;
			files = (
			);
			inputFileListPaths = (
			);
			inputPaths = (
				"${PODS_PODFILE_DIR_PATH}/Podfile.lock",
				"${PODS_ROOT}/Manifest.lock",
			);
			name = "[CP] Check Pods Manifest.lock";
			outputFileListPaths = (
			);
			outputPaths = (
				"$(DERIVED_FILE_DIR)/Pods-Forex-checkManifestLockResult.txt",
			);
			runOnlyForDeploymentPostprocessing = 0;
			shellPath = /bin/sh;
			shellScript = "diff \"${PODS_PODFILE_DIR_PATH}/Podfile.lock\" \"${PODS_ROOT}/Manifest.lock\" > /dev/null\nif [ $? != 0 ] ; then\n    # print error to STDERR\n    echo \"error: The sandbox is not in sync with the Podfile.lock. Run 'pod install' or update your CocoaPods installation.\" >&2\n    exit 1\nfi\n# This output is used by Xcode 'outputs' to avoid re-running this script phase.\necho \"SUCCESS\" > \"${SCRIPT_OUTPUT_FILE_0}\"\n";
			showEnvVarsInLog = 0;
		};
		F35D6C4D27AB0D437FD991B8 /* [CP] Embed Pods Frameworks */ = {
			isa = PBXShellScriptBuildPhase;
			buildActionMask = 2147483647;
			files = (
			);
			inputFileListPaths = (
			);
			inputPaths = (
				"${PODS_ROOT}/Target Support Files/Pods-Forex/Pods-Forex-frameworks.sh",
				"${BUILT_PRODUCTS_DIR}/Alamofire/Alamofire.framework",
				"${BUILT_PRODUCTS_DIR}/Bolts/Bolts.framework",
				"${BUILT_PRODUCTS_DIR}/BoringSSL-GRPC/openssl_grpc.framework",
				"${BUILT_PRODUCTS_DIR}/FBSDKCoreKit/FBSDKCoreKit.framework",
				"${BUILT_PRODUCTS_DIR}/FBSDKLoginKit/FBSDKLoginKit.framework",
				"${BUILT_PRODUCTS_DIR}/GTMSessionFetcher/GTMSessionFetcher.framework",
				"${BUILT_PRODUCTS_DIR}/GoogleToolboxForMac/GoogleToolboxForMac.framework",
				"${BUILT_PRODUCTS_DIR}/GoogleUtilities/GoogleUtilities.framework",
				"${BUILT_PRODUCTS_DIR}/Protobuf/Protobuf.framework",
				"${BUILT_PRODUCTS_DIR}/SDWebImage/SDWebImage.framework",
				"${PODS_ROOT}/TwitterCore/iOS/TwitterCore.framework",
				"${PODS_ROOT}/TwitterKit/iOS/TwitterKit.framework",
				"${BUILT_PRODUCTS_DIR}/gRPC-C++/grpcpp.framework",
				"${BUILT_PRODUCTS_DIR}/gRPC-Core/grpc.framework",
				"${BUILT_PRODUCTS_DIR}/leveldb-library/leveldb.framework",
				"${BUILT_PRODUCTS_DIR}/nanopb/nanopb.framework",
			);
			name = "[CP] Embed Pods Frameworks";
			outputFileListPaths = (
			);
			outputPaths = (
				"${TARGET_BUILD_DIR}/${FRAMEWORKS_FOLDER_PATH}/Alamofire.framework",
				"${TARGET_BUILD_DIR}/${FRAMEWORKS_FOLDER_PATH}/Bolts.framework",
				"${TARGET_BUILD_DIR}/${FRAMEWORKS_FOLDER_PATH}/openssl_grpc.framework",
				"${TARGET_BUILD_DIR}/${FRAMEWORKS_FOLDER_PATH}/FBSDKCoreKit.framework",
				"${TARGET_BUILD_DIR}/${FRAMEWORKS_FOLDER_PATH}/FBSDKLoginKit.framework",
				"${TARGET_BUILD_DIR}/${FRAMEWORKS_FOLDER_PATH}/GTMSessionFetcher.framework",
				"${TARGET_BUILD_DIR}/${FRAMEWORKS_FOLDER_PATH}/GoogleToolboxForMac.framework",
				"${TARGET_BUILD_DIR}/${FRAMEWORKS_FOLDER_PATH}/GoogleUtilities.framework",
				"${TARGET_BUILD_DIR}/${FRAMEWORKS_FOLDER_PATH}/Protobuf.framework",
				"${TARGET_BUILD_DIR}/${FRAMEWORKS_FOLDER_PATH}/SDWebImage.framework",
				"${TARGET_BUILD_DIR}/${FRAMEWORKS_FOLDER_PATH}/TwitterCore.framework",
				"${TARGET_BUILD_DIR}/${FRAMEWORKS_FOLDER_PATH}/TwitterKit.framework",
				"${TARGET_BUILD_DIR}/${FRAMEWORKS_FOLDER_PATH}/grpcpp.framework",
				"${TARGET_BUILD_DIR}/${FRAMEWORKS_FOLDER_PATH}/grpc.framework",
				"${TARGET_BUILD_DIR}/${FRAMEWORKS_FOLDER_PATH}/leveldb.framework",
				"${TARGET_BUILD_DIR}/${FRAMEWORKS_FOLDER_PATH}/nanopb.framework",
			);
			runOnlyForDeploymentPostprocessing = 0;
			shellPath = /bin/sh;
			shellScript = "\"${PODS_ROOT}/Target Support Files/Pods-Forex/Pods-Forex-frameworks.sh\"\n";
			showEnvVarsInLog = 0;
		};
/* End PBXShellScriptBuildPhase section */

/* Begin PBXSourcesBuildPhase section */
		3404C3C8222ADB36008B7AE6 /* Sources */ = {
			isa = PBXSourcesBuildPhase;
			buildActionMask = 2147483647;
			files = (
				3404C3D2222ADB36008B7AE6 /* SymbolTableViewController.swift in Sources */,
				3404C3D0222ADB36008B7AE6 /* AppDelegate.swift in Sources */,
				34CFE269223D526E008F501B /* FavoritesViewController.swift in Sources */,
				349007D8222B2DCE008189AE /* CurrencyPairTableViewCell.swift in Sources */,
				340920F2223451F500165AC6 /* SymbolTableViewCell.swift in Sources */,
				349007D2222B0C86008189AE /* SymbolDetailViewController.swift in Sources */,
				349007D4222B15E9008189AE /* SymbolDetailTableHeaderView.swift in Sources */,
			);
			runOnlyForDeploymentPostprocessing = 0;
		};
/* End PBXSourcesBuildPhase section */

/* Begin PBXVariantGroup section */
		3404C3D3222ADB36008B7AE6 /* Main.storyboard */ = {
			isa = PBXVariantGroup;
			children = (
				3404C3D4222ADB36008B7AE6 /* Base */,
			);
			name = Main.storyboard;
			sourceTree = "<group>";
		};
		3404C3D8222ADB37008B7AE6 /* LaunchScreen.storyboard */ = {
			isa = PBXVariantGroup;
			children = (
				3404C3D9222ADB37008B7AE6 /* Base */,
			);
			name = LaunchScreen.storyboard;
			sourceTree = "<group>";
		};
/* End PBXVariantGroup section */

/* Begin XCBuildConfiguration section */
		3404C3DC222ADB37008B7AE6 /* Debug */ = {
			isa = XCBuildConfiguration;
			buildSettings = {
				ALWAYS_SEARCH_USER_PATHS = NO;
				CLANG_ANALYZER_NONNULL = YES;
				CLANG_ANALYZER_NUMBER_OBJECT_CONVERSION = YES_AGGRESSIVE;
				CLANG_CXX_LANGUAGE_STANDARD = "gnu++14";
				CLANG_CXX_LIBRARY = "libc++";
				CLANG_ENABLE_MODULES = YES;
				CLANG_ENABLE_OBJC_ARC = YES;
				CLANG_ENABLE_OBJC_WEAK = YES;
				CLANG_WARN_BLOCK_CAPTURE_AUTORELEASING = YES;
				CLANG_WARN_BOOL_CONVERSION = YES;
				CLANG_WARN_COMMA = YES;
				CLANG_WARN_CONSTANT_CONVERSION = YES;
				CLANG_WARN_DEPRECATED_OBJC_IMPLEMENTATIONS = YES;
				CLANG_WARN_DIRECT_OBJC_ISA_USAGE = YES_ERROR;
				CLANG_WARN_DOCUMENTATION_COMMENTS = YES;
				CLANG_WARN_EMPTY_BODY = YES;
				CLANG_WARN_ENUM_CONVERSION = YES;
				CLANG_WARN_INFINITE_RECURSION = YES;
				CLANG_WARN_INT_CONVERSION = YES;
				CLANG_WARN_NON_LITERAL_NULL_CONVERSION = YES;
				CLANG_WARN_OBJC_IMPLICIT_RETAIN_SELF = YES;
				CLANG_WARN_OBJC_LITERAL_CONVERSION = YES;
				CLANG_WARN_OBJC_ROOT_CLASS = YES_ERROR;
				CLANG_WARN_RANGE_LOOP_ANALYSIS = YES;
				CLANG_WARN_STRICT_PROTOTYPES = YES;
				CLANG_WARN_SUSPICIOUS_MOVE = YES;
				CLANG_WARN_UNGUARDED_AVAILABILITY = YES_AGGRESSIVE;
				CLANG_WARN_UNREACHABLE_CODE = YES;
				CLANG_WARN__DUPLICATE_METHOD_MATCH = YES;
				CODE_SIGN_IDENTITY = "iPhone Developer";
				COPY_PHASE_STRIP = NO;
				DEBUG_INFORMATION_FORMAT = dwarf;
				ENABLE_STRICT_OBJC_MSGSEND = YES;
				ENABLE_TESTABILITY = YES;
				GCC_C_LANGUAGE_STANDARD = gnu11;
				GCC_DYNAMIC_NO_PIC = NO;
				GCC_NO_COMMON_BLOCKS = YES;
				GCC_OPTIMIZATION_LEVEL = 0;
				GCC_PREPROCESSOR_DEFINITIONS = (
					"DEBUG=1",
					"$(inherited)",
				);
				GCC_WARN_64_TO_32_BIT_CONVERSION = YES;
				GCC_WARN_ABOUT_RETURN_TYPE = YES_ERROR;
				GCC_WARN_UNDECLARED_SELECTOR = YES;
				GCC_WARN_UNINITIALIZED_AUTOS = YES_AGGRESSIVE;
				GCC_WARN_UNUSED_FUNCTION = YES;
				GCC_WARN_UNUSED_VARIABLE = YES;
				IPHONEOS_DEPLOYMENT_TARGET = 12.1;
				MTL_ENABLE_DEBUG_INFO = INCLUDE_SOURCE;
				MTL_FAST_MATH = YES;
				ONLY_ACTIVE_ARCH = YES;
				SDKROOT = iphoneos;
				SWIFT_ACTIVE_COMPILATION_CONDITIONS = DEBUG;
				SWIFT_OPTIMIZATION_LEVEL = "-Onone";
			};
			name = Debug;
		};
		3404C3DD222ADB37008B7AE6 /* Release */ = {
			isa = XCBuildConfiguration;
			buildSettings = {
				ALWAYS_SEARCH_USER_PATHS = NO;
				CLANG_ANALYZER_NONNULL = YES;
				CLANG_ANALYZER_NUMBER_OBJECT_CONVERSION = YES_AGGRESSIVE;
				CLANG_CXX_LANGUAGE_STANDARD = "gnu++14";
				CLANG_CXX_LIBRARY = "libc++";
				CLANG_ENABLE_MODULES = YES;
				CLANG_ENABLE_OBJC_ARC = YES;
				CLANG_ENABLE_OBJC_WEAK = YES;
				CLANG_WARN_BLOCK_CAPTURE_AUTORELEASING = YES;
				CLANG_WARN_BOOL_CONVERSION = YES;
				CLANG_WARN_COMMA = YES;
				CLANG_WARN_CONSTANT_CONVERSION = YES;
				CLANG_WARN_DEPRECATED_OBJC_IMPLEMENTATIONS = YES;
				CLANG_WARN_DIRECT_OBJC_ISA_USAGE = YES_ERROR;
				CLANG_WARN_DOCUMENTATION_COMMENTS = YES;
				CLANG_WARN_EMPTY_BODY = YES;
				CLANG_WARN_ENUM_CONVERSION = YES;
				CLANG_WARN_INFINITE_RECURSION = YES;
				CLANG_WARN_INT_CONVERSION = YES;
				CLANG_WARN_NON_LITERAL_NULL_CONVERSION = YES;
				CLANG_WARN_OBJC_IMPLICIT_RETAIN_SELF = YES;
				CLANG_WARN_OBJC_LITERAL_CONVERSION = YES;
				CLANG_WARN_OBJC_ROOT_CLASS = YES_ERROR;
				CLANG_WARN_RANGE_LOOP_ANALYSIS = YES;
				CLANG_WARN_STRICT_PROTOTYPES = YES;
				CLANG_WARN_SUSPICIOUS_MOVE = YES;
				CLANG_WARN_UNGUARDED_AVAILABILITY = YES_AGGRESSIVE;
				CLANG_WARN_UNREACHABLE_CODE = YES;
				CLANG_WARN__DUPLICATE_METHOD_MATCH = YES;
				CODE_SIGN_IDENTITY = "iPhone Developer";
				COPY_PHASE_STRIP = NO;
				DEBUG_INFORMATION_FORMAT = "dwarf-with-dsym";
				ENABLE_NS_ASSERTIONS = NO;
				ENABLE_STRICT_OBJC_MSGSEND = YES;
				GCC_C_LANGUAGE_STANDARD = gnu11;
				GCC_NO_COMMON_BLOCKS = YES;
				GCC_WARN_64_TO_32_BIT_CONVERSION = YES;
				GCC_WARN_ABOUT_RETURN_TYPE = YES_ERROR;
				GCC_WARN_UNDECLARED_SELECTOR = YES;
				GCC_WARN_UNINITIALIZED_AUTOS = YES_AGGRESSIVE;
				GCC_WARN_UNUSED_FUNCTION = YES;
				GCC_WARN_UNUSED_VARIABLE = YES;
				IPHONEOS_DEPLOYMENT_TARGET = 12.1;
				MTL_ENABLE_DEBUG_INFO = NO;
				MTL_FAST_MATH = YES;
				SDKROOT = iphoneos;
				SWIFT_COMPILATION_MODE = wholemodule;
				SWIFT_OPTIMIZATION_LEVEL = "-O";
				VALIDATE_PRODUCT = YES;
			};
			name = Release;
		};
		3404C3DF222ADB37008B7AE6 /* Debug */ = {
			isa = XCBuildConfiguration;
			baseConfigurationReference = E6F714FD4FBBB1739580EF91 /* Pods-Forex.debug.xcconfig */;
			buildSettings = {
				ASSETCATALOG_COMPILER_APPICON_NAME = AppIcon;
				CODE_SIGN_STYLE = Automatic;
				DEVELOPMENT_TEAM = 5P2U52R484;
				INFOPLIST_FILE = Forex/Info.plist;
				LD_RUNPATH_SEARCH_PATHS = (
					"$(inherited)",
					"@executable_path/Frameworks",
				);
				PRODUCT_BUNDLE_IDENTIFIER = Home.Forex;
				PRODUCT_NAME = "$(TARGET_NAME)";
				SWIFT_VERSION = 4.2;
				TARGETED_DEVICE_FAMILY = "1,2";
			};
			name = Debug;
		};
		3404C3E0222ADB37008B7AE6 /* Release */ = {
			isa = XCBuildConfiguration;
			baseConfigurationReference = C92C6FF6313B3665220DC4C7 /* Pods-Forex.release.xcconfig */;
			buildSettings = {
				ASSETCATALOG_COMPILER_APPICON_NAME = AppIcon;
				CODE_SIGN_STYLE = Automatic;
				DEVELOPMENT_TEAM = 5P2U52R484;
				INFOPLIST_FILE = Forex/Info.plist;
				LD_RUNPATH_SEARCH_PATHS = (
					"$(inherited)",
					"@executable_path/Frameworks",
				);
				PRODUCT_BUNDLE_IDENTIFIER = Home.Forex;
				PRODUCT_NAME = "$(TARGET_NAME)";
				SWIFT_VERSION = 4.2;
				TARGETED_DEVICE_FAMILY = "1,2";
			};
			name = Release;
		};
/* End XCBuildConfiguration section */

/* Begin XCConfigurationList section */
		3404C3C7222ADB36008B7AE6 /* Build configuration list for PBXProject "Forex" */ = {
			isa = XCConfigurationList;
			buildConfigurations = (
				3404C3DC222ADB37008B7AE6 /* Debug */,
				3404C3DD222ADB37008B7AE6 /* Release */,
			);
			defaultConfigurationIsVisible = 0;
			defaultConfigurationName = Release;
		};
		3404C3DE222ADB37008B7AE6 /* Build configuration list for PBXNativeTarget "Forex" */ = {
			isa = XCConfigurationList;
			buildConfigurations = (
				3404C3DF222ADB37008B7AE6 /* Debug */,
				3404C3E0222ADB37008B7AE6 /* Release */,
			);
			defaultConfigurationIsVisible = 0;
			defaultConfigurationName = Release;
		};
/* End XCConfigurationList section */
	};
	rootObject = 3404C3C4222ADB36008B7AE6 /* Project object */;
}
